
Microsoft Visual Studio Solution File, Format Version 12.00
# Visual Studio 15
VisualStudioVersion = 15.0.28307.960
MinimumVisualStudioVersion = 10.0.40219.1
Project("{FAE04EC0-301F-11D3-BF4B-00C04F79EFBC}") = "01UsingData", "01UsingData\01UsingData.csproj", "{71C10778-451F-40EF-B40C-AD14C6552F68}"
EndProject
Global
	GlobalSection(SolutionConfigurationPlatforms) = preSolution
		Debug|Any CPU = Debug|Any CPU
		Release|Any CPU = Release|Any CPU
	EndGlobalSection
	GlobalSection(ProjectConfigurationPlatforms) = postSolution
		{71C10778-451F-40EF-B40C-AD14C6552F68}.Debug|Any CPU.ActiveCfg = Debug|Any CPU
		{71C10778-451F-40EF-B40C-AD14C6552F68}.Debug|Any CPU.Build.0 = Debug|Any CPU
		{71C10778-451F-40EF-B40C-AD14C6552F68}.Release|Any CPU.ActiveCfg = Release|Any CPU
		{71C10778-451F-40EF-B40C-AD14C6552F68}.Release|Any CPU.Build.0 = Release|Any CPU
	EndGlobalSection
	GlobalSection(SolutionProperties) = preSolution
		HideSolutionNode = FALSE
	EndGlobalSection
	GlobalSection(ExtensibilityGlobals) = postSolution
		SolutionGuid = {9F0C71E6-3C0C-448F-BF64-06FAF42D0845}
	EndGlobalSection
EndGlobal
